// !$*UTF8*$!
{
	archiveVersion = 1;
	classes = {
	};
	objectVersion = 46;
	objects = {

/* Begin PBXBuildFile section */
		AA2A58601EAFA016008B5114 /* AppDelegate.swift in Sources */ = {isa = PBXBuildFile; fileRef = AA2A585F1EAFA016008B5114 /* AppDelegate.swift */; };
		AA2A58621EAFA016008B5114 /* ViewController.swift in Sources */ = {isa = PBXBuildFile; fileRef = AA2A58611EAFA016008B5114 /* ViewController.swift */; };
		AA2A58651EAFA016008B5114 /* Main.storyboard in Resources */ = {isa = PBXBuildFile; fileRef = AA2A58631EAFA016008B5114 /* Main.storyboard */; };
		AA2A58671EAFA016008B5114 /* Assets.xcassets in Resources */ = {isa = PBXBuildFile; fileRef = AA2A58661EAFA016008B5114 /* Assets.xcassets */; };
		AA2A586A1EAFA016008B5114 /* LaunchScreen.storyboard in Resources */ = {isa = PBXBuildFile; fileRef = AA2A58681EAFA016008B5114 /* LaunchScreen.storyboard */; };
		AA2A58721EAFA366008B5114 /* VideoPlaybackVC.swift in Sources */ = {isa = PBXBuildFile; fileRef = AA2A58711EAFA366008B5114 /* VideoPlaybackVC.swift */; };
		AA2A58751EAFBD9A008B5114 /* VideoCollectionViewController.swift in Sources */ = {isa = PBXBuildFile; fileRef = AA2A58731EAFBD9A008B5114 /* VideoCollectionViewController.swift */; };
		AA2A587E1EAFE23E008B5114 /* VideoCollectionViewCell.swift in Sources */ = {isa = PBXBuildFile; fileRef = AA2A587D1EAFE23E008B5114 /* VideoCollectionViewCell.swift */; };
/* End PBXBuildFile section */

/* Begin PBXFileReference section */
		AA2A585C1EAFA016008B5114 /* FullCustomVideo.app */ = {isa = PBXFileReference; explicitFileType = wrapper.application; includeInIndex = 0; path = FullCustomVideo.app; sourceTree = BUILT_PRODUCTS_DIR; };
		AA2A585F1EAFA016008B5114 /* AppDelegate.swift */ = {isa = PBXFileReference; lastKnownFileType = sourcecode.swift; path = AppDelegate.swift; sourceTree = "<group>"; };
		AA2A58611EAFA016008B5114 /* ViewController.swift */ = {isa = PBXFileReference; lastKnownFileType = sourcecode.swift; path = ViewController.swift; sourceTree = "<group>"; };
		AA2A58641EAFA016008B5114 /* Base */ = {isa = PBXFileReference; lastKnownFileType = file.storyboard; name = Base; path = Base.lproj/Main.storyboard; sourceTree = "<group>"; };
		AA2A58661EAFA016008B5114 /* Assets.xcassets */ = {isa = PBXFileReference; lastKnownFileType = folder.assetcatalog; path = Assets.xcassets; sourceTree = "<group>"; };
		AA2A58691EAFA016008B5114 /* Base */ = {isa = PBXFileReference; lastKnownFileType = file.storyboard; name = Base; path = Base.lproj/LaunchScreen.storyboard; sourceTree = "<group>"; };
		AA2A586B1EAFA016008B5114 /* Info.plist */ = {isa = PBXFileReference; lastKnownFileType = text.plist.xml; path = Info.plist; sourceTree = "<group>"; };
		AA2A58711EAFA366008B5114 /* VideoPlaybackVC.swift */ = {isa = PBXFileReference; fileEncoding = 4; lastKnownFileType = sourcecode.swift; path = VideoPlaybackVC.swift; sourceTree = "<group>"; };
		AA2A58731EAFBD9A008B5114 /* VideoCollectionViewController.swift */ = {isa = PBXFileReference; fileEncoding = 4; lastKnownFileType = sourcecode.swift; path = VideoCollectionViewController.swift; sourceTree = "<group>"; };
		AA2A587D1EAFE23E008B5114 /* VideoCollectionViewCell.swift */ = {isa = PBXFileReference; fileEncoding = 4; lastKnownFileType = sourcecode.swift; path = VideoCollectionViewCell.swift; sourceTree = "<group>"; };
/* End PBXFileReference section */

/* Begin PBXFrameworksBuildPhase section */
		AA2A58591EAFA016008B5114 /* Frameworks */ = {
			isa = PBXFrameworksBuildPhase;
			buildActionMask = 2147483647;
			files = (
			);
			runOnlyForDeploymentPostprocessing = 0;
		};
/* End PBXFrameworksBuildPhase section */

/* Begin PBXGroup section */
		AA2A58531EAFA016008B5114 = {
			isa = PBXGroup;
			children = (
				AA2A585E1EAFA016008B5114 /* FullCustomVideo */,
				AA2A585D1EAFA016008B5114 /* Products */,
			);
			sourceTree = "<group>";
		};
		AA2A585D1EAFA016008B5114 /* Products */ = {
			isa = PBXGroup;
			children = (
				AA2A585C1EAFA016008B5114 /* FullCustomVideo.app */,
			);
			name = Products;
			sourceTree = "<group>";
		};
		AA2A585E1EAFA016008B5114 /* FullCustomVideo */ = {
			isa = PBXGroup;
			children = (
				AA2A585F1EAFA016008B5114 /* AppDelegate.swift */,
				AA2A58611EAFA016008B5114 /* ViewController.swift */,
				AA2A58711EAFA366008B5114 /* VideoPlaybackVC.swift */,
				AA2A58731EAFBD9A008B5114 /* VideoCollectionViewController.swift */,
				AA2A58631EAFA016008B5114 /* Main.storyboard */,
				AA2A587D1EAFE23E008B5114 /* VideoCollectionViewCell.swift */,
				AA2A58661EAFA016008B5114 /* Assets.xcassets */,
				AA2A58681EAFA016008B5114 /* LaunchScreen.storyboard */,
				AA2A586B1EAFA016008B5114 /* Info.plist */,
			);
			path = FullCustomVideo;
			sourceTree = "<group>";
		};
/* End PBXGroup section */

/* Begin PBXNativeTarget section */
		AA2A585B1EAFA016008B5114 /* FullCustomVideo */ = {
			isa = PBXNativeTarget;
			buildConfigurationList = AA2A586E1EAFA016008B5114 /* Build configuration list for PBXNativeTarget "FullCustomVideo" */;
			buildPhases = (
				AA2A58581EAFA016008B5114 /* Sources */,
				AA2A58591EAFA016008B5114 /* Frameworks */,
				AA2A585A1EAFA016008B5114 /* Resources */,
			);
			buildRules = (
			);
			dependencies = (
			);
			name = FullCustomVideo;
			productName = FullCustomVideo;
			productReference = AA2A585C1EAFA016008B5114 /* FullCustomVideo.app */;
			productType = "com.apple.product-type.application";
		};
/* End PBXNativeTarget section */

/* Begin PBXProject section */
		AA2A58541EAFA016008B5114 /* Project object */ = {
			isa = PBXProject;
			attributes = {
				LastSwiftUpdateCheck = 0820;
				LastUpgradeCheck = 0820;
				TargetAttributes = {
					AA2A585B1EAFA016008B5114 = {
						CreatedOnToolsVersion = 8.2.1;
						DevelopmentTeam = 7B2WPFR4VK;
						ProvisioningStyle = Automatic;
					};
				};
			};
			buildConfigurationList = AA2A58571EAFA016008B5114 /* Build configuration list for PBXProject "FullCustomVideo" */;
			compatibilityVersion = "Xcode 3.2";
			developmentRegion = English;
			hasScannedForEncodings = 0;
			knownRegions = (
				en,
				Base,
			);
			mainGroup = AA2A58531EAFA016008B5114;
			productRefGroup = AA2A585D1EAFA016008B5114 /* Products */;
			projectDirPath = "";
			projectRoot = "";
			targets = (
				AA2A585B1EAFA016008B5114 /* FullCustomVideo */,
			);
		};
/* End PBXProject section */

/* Begin PBXResourcesBuildPhase section */
		AA2A585A1EAFA016008B5114 /* Resources */ = {
			isa = PBXResourcesBuildPhase;
			buildActionMask = 2147483647;
			files = (
				AA2A586A1EAFA016008B5114 /* LaunchScreen.storyboard in Resources */,
				AA2A58671EAFA016008B5114 /* Assets.xcassets in Resources */,
				AA2A58651EAFA016008B5114 /* Main.storyboard in Resources */,
			);
			runOnlyForDeploymentPostprocessing = 0;
		};
/* End PBXResourcesBuildPhase section */

/* Begin PBXSourcesBuildPhase section */
		AA2A58581EAFA016008B5114 /* Sources */ = {
			isa = PBXSourcesBuildPhase;
			buildActionMask = 2147483647;
			files = (
				AA2A58751EAFBD9A008B5114 /* VideoCollectionViewController.swift in Sources */,
				AA2A58621EAFA016008B5114 /* ViewController.swift in Sources */,
				AA2A58721EAFA366008B5114 /* VideoPlaybackVC.swift in Sources */,
				AA2A587E1EAFE23E008B5114 /* VideoCollectionViewCell.swift in Sources */,
				AA2A58601EAFA016008B5114 /* AppDelegate.swift in Sources */,
			);
			runOnlyForDeploymentPostprocessing = 0;
		};
/* End PBXSourcesBuildPhase section */

/* Begin PBXVariantGroup section */
		AA2A58631EAFA016008B5114 /* Main.storyboard */ = {
			isa = PBXVariantGroup;
			children = (
				AA2A58641EAFA016008B5114 /* Base */,
			);
			name = Main.storyboard;
			sourceTree = "<group>";
		};
		AA2A58681EAFA016008B5114 /* LaunchScreen.storyboard */ = {
			isa = PBXVariantGroup;
			children = (
				AA2A58691EAFA016008B5114 /* Base */,
			);
			name = LaunchScreen.storyboard;
			sourceTree = "<group>";
		};
/* End PBXVariantGroup section */

/* Begin XCBuildConfiguration section */
		AA2A586C1EAFA016008B5114 /* Debug */ = {
			isa = XCBuildConfiguration;
			buildSettings = {
				ALWAYS_SEARCH_USER_PATHS = NO;
				CLANG_ANALYZER_NONNULL = YES;
				CLANG_CXX_LANGUAGE_STANDARD = "gnu++0x";
				CLANG_CXX_LIBRARY = "libc++";
				CLANG_ENABLE_MODULES = YES;
				CLANG_ENABLE_OBJC_ARC = YES;
				CLANG_WARN_BOOL_CONVERSION = YES;
				CLANG_WARN_CONSTANT_CONVERSION = YES;
				CLANG_WARN_DIRECT_OBJC_ISA_USAGE = YES_ERROR;
				CLANG_WARN_DOCUMENTATION_COMMENTS = YES;
				CLANG_WARN_EMPTY_BODY = YES;
				CLANG_WARN_ENUM_CONVERSION = YES;
				CLANG_WARN_INFINITE_RECURSION = YES;
				CLANG_WARN_INT_CONVERSION = YES;
				CLANG_WARN_OBJC_ROOT_CLASS = YES_ERROR;
				CLANG_WARN_SUSPICIOUS_MOVE = YES;
				CLANG_WARN_UNREACHABLE_CODE = YES;
				CLANG_WARN__DUPLICATE_METHOD_MATCH = YES;
				"CODE_SIGN_IDENTITY[sdk=iphoneos*]" = "iPhone Developer";
				COPY_PHASE_STRIP = NO;
				DEBUG_INFORMATION_FORMAT = dwarf;
				ENABLE_STRICT_OBJC_MSGSEND = YES;
				ENABLE_TESTABILITY = YES;
				GCC_C_LANGUAGE_STANDARD = gnu99;
				GCC_DYNAMIC_NO_PIC = NO;
				GCC_NO_COMMON_BLOCKS = YES;
				GCC_OPTIMIZATION_LEVEL = 0;
				GCC_PREPROCESSOR_DEFINITIONS = (
					"DEBUG=1",
					"$(inherited)",
				);
				GCC_WARN_64_TO_32_BIT_CONVERSION = YES;
				GCC_WARN_ABOUT_RETURN_TYPE = YES_ERROR;
				GCC_WARN_UNDECLARED_SELECTOR = YES;
				GCC_WARN_UNINITIALIZED_AUTOS = YES_AGGRESSIVE;
				GCC_WARN_UNUSED_FUNCTION = YES;
				GCC_WARN_UNUSED_VARIABLE = YES;
				IPHONEOS_DEPLOYMENT_TARGET = 10.2;
				MTL_ENABLE_DEBUG_INFO = YES;
				ONLY_ACTIVE_ARCH = YES;
				SDKROOT = iphoneos;
				SWIFT_ACTIVE_COMPILATION_CONDITIONS = DEBUG;
				SWIFT_OPTIMIZATION_LEVEL = "-Onone";
			};
			name = Debug;
		};
		AA2A586D1EAFA016008B5114 /* Release */ = {
			isa = XCBuildConfiguration;
			buildSettings = {
				ALWAYS_SEARCH_USER_PATHS = NO;
				CLANG_ANALYZER_NONNULL = YES;
				CLANG_CXX_LANGUAGE_STANDARD = "gnu++0x";
				CLANG_CXX_LIBRARY = "libc++";
				CLANG_ENABLE_MODULES = YES;
				CLANG_ENABLE_OBJC_ARC = YES;
				CLANG_WARN_BOOL_CONVERSION = YES;
				CLANG_WARN_CONSTANT_CONVERSION = YES;
				CLANG_WARN_DIRECT_OBJC_ISA_USAGE = YES_ERROR;
				CLANG_WARN_DOCUMENTATION_COMMENTS = YES;
				CLANG_WARN_EMPTY_BODY = YES;
				CLANG_WARN_ENUM_CONVERSION = YES;
				CLANG_WARN_INFINITE_RECURSION = YES;
				CLANG_WARN_INT_CONVERSION = YES;
				CLANG_WARN_OBJC_ROOT_CLASS = YES_ERROR;
				CLANG_WARN_SUSPICIOUS_MOVE = YES;
				CLANG_WARN_UNREACHABLE_CODE = YES;
				CLANG_WARN__DUPLICATE_METHOD_MATCH = YES;
				"CODE_SIGN_IDENTITY[sdk=iphoneos*]" = "iPhone Developer";
				COPY_PHASE_STRIP = NO;
				DEBUG_INFORMATION_FORMAT = "dwarf-with-dsym";
				ENABLE_NS_ASSERTIONS = NO;
				ENABLE_STRICT_OBJC_MSGSEND = YES;
				GCC_C_LANGUAGE_STANDARD = gnu99;
				GCC_NO_COMMON_BLOCKS = YES;
				GCC_WARN_64_TO_32_BIT_CONVERSION = YES;
				GCC_WARN_ABOUT_RETURN_TYPE = YES_ERROR;
				GCC_WARN_UNDECLARED_SELECTOR = YES;
				GCC_WARN_UNINITIALIZED_AUTOS = YES_AGGRESSIVE;
				GCC_WARN_UNUSED_FUNCTION = YES;
				GCC_WARN_UNUSED_VARIABLE = YES;
				IPHONEOS_DEPLOYMENT_TARGET = 10.2;
				MTL_ENABLE_DEBUG_INFO = NO;
				SDKROOT = iphoneos;
				SWIFT_OPTIMIZATION_LEVEL = "-Owholemodule";
				VALIDATE_PRODUCT = YES;
			};
			name = Release;
		};
		AA2A586F1EAFA016008B5114 /* Debug */ = {
			isa = XCBuildConfiguration;
			buildSettings = {
				ASSETCATALOG_COMPILER_APPICON_NAME = AppIcon;
				DEVELOPMENT_TEAM = 7B2WPFR4VK;
				INFOPLIST_FILE = FullCustomVideo/Info.plist;
				IPHONEOS_DEPLOYMENT_TARGET = 10.0;
				LD_RUNPATH_SEARCH_PATHS = "$(inherited) @executable_path/Frameworks";
				PRODUCT_BUNDLE_IDENTIFIER = alexSavitt.FullCustomVideo;
				PRODUCT_NAME = "$(TARGET_NAME)";
				SWIFT_VERSION = 3.0;
			};
			name = Debug;
		};
		AA2A58701EAFA016008B5114 /* Release */ = {
			isa = XCBuildConfiguration;
			buildSettings = {
				ASSETCATALOG_COMPILER_APPICON_NAME = AppIcon;
				DEVELOPMENT_TEAM = 7B2WPFR4VK;
				INFOPLIST_FILE = FullCustomVideo/Info.plist;
				IPHONEOS_DEPLOYMENT_TARGET = 10.0;
				LD_RUNPATH_SEARCH_PATHS = "$(inherited) @executable_path/Frameworks";
				PRODUCT_BUNDLE_IDENTIFIER = alexSavitt.FullCustomVideo;
				PRODUCT_NAME = "$(TARGET_NAME)";
				SWIFT_VERSION = 3.0;
			};
			name = Release;
		};
/* End XCBuildConfiguration section */

/* Begin XCConfigurationList section */
		AA2A58571EAFA016008B5114 /* Build configuration list for PBXProject "FullCustomVideo" */ = {
			isa = XCConfigurationList;
			buildConfigurations = (
				AA2A586C1EAFA016008B5114 /* Debug */,
				AA2A586D1EAFA016008B5114 /* Release */,
			);
			defaultConfigurationIsVisible = 0;
			defaultConfigurationName = Release;
		};
		AA2A586E1EAFA016008B5114 /* Build configuration list for PBXNativeTarget "FullCustomVideo" */ = {
			isa = XCConfigurationList;
			buildConfigurations = (
				AA2A586F1EAFA016008B5114 /* Debug */,
				AA2A58701EAFA016008B5114 /* Release */,
			);
			defaultConfigurationIsVisible = 0;
		};
/* End XCConfigurationList section */
	};
	rootObject = AA2A58541EAFA016008B5114 /* Project object */;
}
